{
  "name": "airport",
  "version": "1.0.0",
  "lockfileVersion": 3,
  "requires": true,
  "packages": {
    "": {
      "name": "airport",
      "version": "1.0.0",
      "license": "ISC",
      "dependencies": {
        "airport-data-js": "^1.0.6"
      }
    },
    "node_modules/airport-data-js": {
      "version": "1.0.6",
      "resolved": "https://registry.npmjs.org/airport-data-js/-/airport-data-js-1.0.6.tgz",
      "integrity": "sha512-maJD27ucD8Ik6EEkbUWOWVuLuQc4C0NpR0bm09PplwiURcqf/WSt88o+oxQ6ET4jlnz/DcimDnSwcaOt4wC5VQ==",
      "license": "CC BY 4.0",
      "dependencies": {
        "jsonpack": "^1.1.5"
      }
    },
    "node_modules/jsonpack": {
      "version": "1.1.5",
      "resolved": "https://registry.npmjs.org/jsonpack/-/jsonpack-1.1.5.tgz",
      "integrity": "sha512-d2vwomK605ks7Q+uCpbwGyoIF5j+UZuJjlYcugISBt3CxM+eBo/W6y63yVPIyIvbYON+pvJYsYZjCYbzqJj/xQ=="
    }
  }
}
